<?xml version="1.0" encoding="utf-8"?>
<Project ToolsVersion="4.0" xmlns="http://schemas.microsoft.com/developer/msbuild/2003">
  <ItemGroup>
    <Filter Include="Pliki źródłowe">
      <UniqueIdentifier>{4FC737F1-C7A5-4376-A066-2A32D752A2FF}</UniqueIdentifier>
      <Extensions>cpp;c;cc;cxx;c++;cppm;ixx;def;odl;idl;hpj;bat;asm;asmx</Extensions>
    </Filter>
    <Filter Include="Pliki nagłówkowe">
      <UniqueIdentifier>{93995380-89BD-4b04-88EB-625FBE52EBFB}</UniqueIdentifier>
      <Extensions>h;hh;hpp;hxx;h++;hm;inl;inc;ipp;xsd</Extensions>
    </Filter>
    <Filter Include="Pliki zasobów">
      <UniqueIdentifier>{67DA6AB6-F800-4c08-8B7A-83BB121AAD01}</UniqueIdentifier>
      <Extensions>rc;ico;cur;bmp;dlg;rc2;rct;bin;rgs;gif;jpg;jpeg;jpe;resx;tiff;tif;png;wav;mfcribbon-ms</Extensions>
    </Filter>
    <Filter Include="Pliki nagłówkowe\Interfaces">
      <UniqueIdentifier>{5114b457-101f-41b0-a457-985a0b384891}</UniqueIdentifier>
    </Filter>
    <Filter Include="Pliki nagłówkowe\Interactives">
      <UniqueIdentifier>{1f5f3ee5-3698-434f-a5ee-4ded6eebc852}</UniqueIdentifier>
    </Filter>
    <Filter Include="Pliki źródłowe\Interactives">
      <UniqueIdentifier>{9a40a74e-f48f-419b-8029-e79c203c08b8}</UniqueIdentifier>
    </Filter>
    <Filter Include="Pliki źródłowe\Handlers">
      <UniqueIdentifier>{9909eef9-ae0f-451d-aee2-83f402df128c}</UniqueIdentifier>
    </Filter>
    <Filter Include="Pliki nagłówkowe\Handlers">
      <UniqueIdentifier>{9717dc86-fc9e-4275-927f-0c7357b6f921}</UniqueIdentifier>
    </Filter>
    <Filter Include="Pliki nagłówkowe\Cards">
      <UniqueIdentifier>{5f2e4e04-0c2f-45ae-84b1-bd825ce52cfb}</UniqueIdentifier>
    </Filter>
    <Filter Include="Pliki źródłowe\Cards">
      <UniqueIdentifier>{a7c5015f-d8c1-4714-922f-346f46ed0c3a}</UniqueIdentifier>
    </Filter>
    <Filter Include="Pliki zasobów\Textures">
      <UniqueIdentifier>{ce4f1ea2-0f73-4522-af3b-10e8625eb46c}</UniqueIdentifier>
    </Filter>
    <Filter Include="Pliki zasobów\Fonts">
      <UniqueIdentifier>{9e1fa2f4-78d4-48f6-bce5-d970c97f4f36}</UniqueIdentifier>
    </Filter>
  </ItemGroup>
  <ItemGroup>
    <ClCompile Include="main.cpp">
      <Filter>Pliki źródłowe</Filter>
    </ClCompile>
    <ClCompile Include="callbacks.cpp">
      <Filter>Pliki źródłowe</Filter>
    </ClCompile>
    <ClCompile Include="buttonBlueprint.cpp">
      <Filter>Pliki źródłowe</Filter>
    </ClCompile>
    <ClCompile Include="updateableRect.cpp">
      <Filter>Pliki źródłowe</Filter>
    </ClCompile>
    <ClCompile Include="Interactive\button.cpp">
      <Filter>Pliki źródłowe\Interactives</Filter>
    </ClCompile>
    <ClCompile Include="Cards\card.cpp">
      <Filter>Pliki źródłowe\Cards</Filter>
    </ClCompile>
    <ClCompile Include="Cards\militaryCard.cpp">
      <Filter>Pliki źródłowe\Cards</Filter>
    </ClCompile>
    <ClCompile Include="Cards\cardPlacer.cpp">
      <Filter>Pliki źródłowe\Cards</Filter>
    </ClCompile>
    <ClCompile Include="myHelper.cpp">
      <Filter>Pliki źródłowe</Filter>
    </ClCompile>
    <ClCompile Include="updateableText.cpp">
      <Filter>Pliki źródłowe</Filter>
    </ClCompile>
    <ClCompile Include="Cards\playerCard.cpp">
      <Filter>Pliki źródłowe\Cards</Filter>
    </ClCompile>
    <ClCompile Include="Interactive\interactive.cpp">
      <Filter>Pliki źródłowe\Interactives</Filter>
    </ClCompile>
    <ClCompile Include="Interactive\interactive.h">
      <Filter>Pliki nagłówkowe\Interactives</Filter>
    </ClCompile>
    <ClCompile Include="updateableBar.cpp">
      <Filter>Pliki źródłowe</Filter>
    </ClCompile>
    <ClCompile Include="timer.cpp">
      <Filter>Pliki źródłowe</Filter>
    </ClCompile>
    <ClCompile Include="Handlers\gameHandler.cpp">
      <Filter>Pliki źródłowe\Handlers</Filter>
    </ClCompile>
    <ClCompile Include="Handlers\playerHandler.cpp">
      <Filter>Pliki źródłowe\Handlers</Filter>
    </ClCompile>
    <ClCompile Include="Handlers\roundsHandler.cpp">
      <Filter>Pliki źródłowe\Handlers</Filter>
    </ClCompile>
    <ClCompile Include="getValueFunctions.cpp">
      <Filter>Pliki źródłowe</Filter>
    </ClCompile>
    <ClCompile Include="barBlueprint.cpp">
      <Filter>Pliki źródłowe</Filter>
    </ClCompile>
    <ClCompile Include="Handlers\dataHandler.cpp">
      <Filter>Pliki źródłowe\Handlers</Filter>
    </ClCompile>
    <ClCompile Include="updatableSprite.cpp">
      <Filter>Pliki źródłowe</Filter>
    </ClCompile>
    <ClCompile Include="selfUpdatableText.cpp">
      <Filter>Pliki źródłowe</Filter>
    </ClCompile>
  </ItemGroup>
  <ItemGroup>
    <ClInclude Include="callbacks.h">
      <Filter>Pliki nagłówkowe</Filter>
    </ClInclude>
    <ClInclude Include="Interfaces\updatable.h">
      <Filter>Pliki nagłówkowe\Interfaces</Filter>
    </ClInclude>
    <ClInclude Include="buttonBlueprint.h">
      <Filter>Pliki nagłówkowe</Filter>
    </ClInclude>
    <ClInclude Include="updateableRect.h">
      <Filter>Pliki nagłówkowe</Filter>
    </ClInclude>
    <ClInclude Include="Cards\card.h">
      <Filter>Pliki nagłówkowe\Cards</Filter>
    </ClInclude>
    <ClInclude Include="Cards\militaryCard.h">
      <Filter>Pliki nagłówkowe\Cards</Filter>
    </ClInclude>
    <ClInclude Include="Interactive\button.h">
      <Filter>Pliki nagłówkowe\Interactives</Filter>
    </ClInclude>
    <ClInclude Include="Cards\cardPlacer.h">
      <Filter>Pliki nagłówkowe\Cards</Filter>
    </ClInclude>
    <ClInclude Include="myHelper.h">
      <Filter>Pliki nagłówkowe</Filter>
    </ClInclude>
    <ClInclude Include="updateableText.h">
      <Filter>Pliki nagłówkowe</Filter>
    </ClInclude>
    <ClInclude Include="Cards\playerCard.h">
      <Filter>Pliki nagłówkowe\Cards</Filter>
    </ClInclude>
    <ClInclude Include="updateableBar.h">
      <Filter>Pliki nagłówkowe</Filter>
    </ClInclude>
    <ClInclude Include="timer.h">
      <Filter>Pliki nagłówkowe</Filter>
    </ClInclude>
    <ClInclude Include="Handlers\gameHandler.h">
      <Filter>Pliki nagłówkowe\Handlers</Filter>
    </ClInclude>
    <ClInclude Include="Handlers\playerHandler.h">
      <Filter>Pliki nagłówkowe\Handlers</Filter>
    </ClInclude>
    <ClInclude Include="Handlers\roundsHandler.h">
      <Filter>Pliki nagłówkowe\Handlers</Filter>
    </ClInclude>
    <ClInclude Include="getValueFunctions.h">
      <Filter>Pliki nagłówkowe</Filter>
    </ClInclude>
    <ClInclude Include="barBlueprint.h">
      <Filter>Pliki nagłówkowe</Filter>
    </ClInclude>
    <ClInclude Include="colorBlueprint.h">
      <Filter>Pliki nagłówkowe</Filter>
    </ClInclude>
    <ClInclude Include="Handlers\dataHandler.h">
      <Filter>Pliki nagłówkowe\Handlers</Filter>
    </ClInclude>
    <ClInclude Include="updatableSprite.h">
      <Filter>Pliki nagłówkowe</Filter>
    </ClInclude>
    <ClInclude Include="selfUpdatableText.h">
      <Filter>Pliki nagłówkowe</Filter>
    </ClInclude>
  </ItemGroup>
  <ItemGroup>
    <Image Include="Textures\cardTexture.png">
      <Filter>Pliki zasobów\Textures</Filter>
    </Image>
    <Image Include="Textures\cardTextureSmall.png">
      <Filter>Pliki zasobów\Textures</Filter>
    </Image>
    <Image Include="Textures\background.png">
      <Filter>Pliki zasobów\Textures</Filter>
    </Image>
  </ItemGroup>
  <ItemGroup>
    <Font Include="Fonts\Calibri.ttf">
      <Filter>Pliki zasobów\Fonts</Filter>
    </Font>
    <Font Include="Fonts\Matura.ttf">
      <Filter>Pliki zasobów\Fonts</Filter>
    </Font>
  </ItemGroup>
</Project>